<?xml version="1.0" encoding="utf-8"?>
<Project ToolsVersion="4.0" xmlns="http://schemas.microsoft.com/developer/msbuild/2003">
  <ItemGroup>
    <Filter Include="Source Files">
      <UniqueIdentifier>{4FC737F1-C7A5-4376-A066-2A32D752A2FF}</UniqueIdentifier>
      <Extensions>cpp;c;cc;cxx;c++;cppm;ixx;def;odl;idl;hpj;bat;asm;asmx</Extensions>
    </Filter>
    <Filter Include="Header Files">
      <UniqueIdentifier>{93995380-89BD-4b04-88EB-625FBE52EBFB}</UniqueIdentifier>
      <Extensions>h;hh;hpp;hxx;h++;hm;inl;inc;ipp;xsd</Extensions>
    </Filter>
    <Filter Include="Resource Files">
      <UniqueIdentifier>{67DA6AB6-F800-4c08-8B7A-83BB121AAD01}</UniqueIdentifier>
      <Extensions>rc;ico;cur;bmp;dlg;rc2;rct;bin;rgs;gif;jpg;jpeg;jpe;resx;tiff;tif;png;wav;mfcribbon-ms</Extensions>
    </Filter>
  </ItemGroup>
  <ItemGroup>
    <ClInclude Include="beacon.h">
      <Filter>Header Files</Filter>
    </ClInclude>
    <ClInclude Include="logger.h">
      <Filter>Header Files</Filter>
    </ClInclude>
    <ClInclude Include="pch.h">
      <Filter>Header Files</Filter>
    </ClInclude>
    <ClInclude Include="macros.h">
      <Filter>Header Files</Filter>
    </ClInclude>
    <ClInclude Include="callback.h">
      <Filter>Header Files</Filter>
    </ClInclude>
    <ClInclude Include="">
      <Filter>Header Files</Filter>
    </ClInclude>
    <ClInclude Include="error.h">
      <Filter>Header Files</Filter>
    </ClInclude>
    <ClInclude Include="command.h">
      <Filter>Header Files</Filter>
    </ClInclude>
    <ClInclude Include="spawn.h">
      <Filter>Header Files</Filter>
    </ClInclude>
    <ClInclude Include="identity.h">
      <Filter>Header Files</Filter>
    </ClInclude>
    <ClInclude Include="self.h">
      <Filter>Header Files</Filter>
    </ClInclude>
    <ClInclude Include="filesystem.h">
      <Filter>Header Files</Filter>
    </ClInclude>
    <ClInclude Include="argument.h">
      <Filter>Header Files</Filter>
    </ClInclude>
    <ClInclude Include="protocol.h">
      <Filter>Header Files</Filter>
    </ClInclude>
    <ClInclude Include="network.h">
      <Filter>Header Files</Filter>
    </ClInclude>
    <ClInclude Include="link.h">
      <Filter>Header Files</Filter>
    </ClInclude>
    <ClInclude Include="utils.h">
      <Filter>Header Files</Filter>
    </ClInclude>
    <ClInclude Include="pipe.h">
      <Filter>Header Files</Filter>
    </ClInclude>
    <ClInclude Include="job.h">
      <Filter>Header Files</Filter>
    </ClInclude>
    <ClInclude Include="channel.h">
      <Filter>Header Files</Filter>
    </ClInclude>
    <ClInclude Include="download.h">
      <Filter>Header Files</Filter>
    </ClInclude>
    <ClInclude Include="api.h">
      <Filter>Header Files</Filter>
    </ClInclude>
    <ClInclude Include="inline_execute_object.h">
      <Filter>Header Files</Filter>
    </ClInclude>
    <ClInclude Include="stage.h">
      <Filter>Header Files</Filter>
    </ClInclude>
    <ClInclude Include="powershell.h">
      <Filter>Header Files</Filter>
    </ClInclude>
    <ClInclude Include="metadata.h">
      <Filter>Header Files</Filter>
    </ClInclude>
    <ClInclude Include="process.h">
      <Filter>Header Files</Filter>
    </ClInclude>
    <ClInclude Include="thread.h">
      <Filter>Header Files</Filter>
    </ClInclude>
    <ClInclude Include="web_response.h">
      <Filter>Header Files</Filter>
    </ClInclude>
    <ClInclude Include="crypto.h">
      <Filter>Header Files</Filter>
    </ClInclude>
    <ClInclude Include="transform.h">
      <Filter>Header Files</Filter>
    </ClInclude>
    <ClInclude Include="strategy_default.c">
      <Filter>Source Files</Filter>
    </ClInclude>
    <ClInclude Include="strategy_random.c">
      <Filter>Source Files</Filter>
    </ClInclude>
    <ClInclude Include="strategy_failover.c">
      <Filter>Source Files</Filter>
    </ClInclude>
    <ClInclude Include="strategy.h">
      <Filter>Header Files</Filter>
    </ClInclude>
  </ItemGroup>
  <ItemGroup>
    <ClCompile Include="main.c">
      <Filter>Source Files</Filter>
    </ClCompile>
    <ClCompile Include="pch.c">
      <Filter>Source Files</Filter>
    </ClCompile>
    <ClCompile Include="beacon.c">
      <Filter>Source Files</Filter>
    </ClCompile>
    <ClCompile Include="data.c">
      <Filter>Source Files</Filter>
    </ClCompile>
    <ClCompile Include="format.c">
      <Filter>Source Files</Filter>
    </ClCompile>
    <ClCompile Include="identity.c">
      <Filter>Source Files</Filter>
    </ClCompile>
    <ClCompile Include="spawn.c">
      <Filter>Source Files</Filter>
    </ClCompile>
    <ClCompile Include="task.c">
      <Filter>Source Files</Filter>
    </ClCompile>
    <ClCompile Include="self.c">
      <Filter>Source Files</Filter>
    </ClCompile>
    <ClCompile Include="filesystem.c">
      <Filter>Source Files</Filter>
    </ClCompile>
    <ClCompile Include="network.c">
      <Filter>Source Files</Filter>
    </ClCompile>
    <ClCompile Include="argument.c">
      <Filter>Source Files</Filter>
    </ClCompile>
    <ClCompile Include="job.c">
      <Filter>Source Files</Filter>
    </ClCompile>
    <ClCompile Include="protocol.c">
      <Filter>Source Files</Filter>
    </ClCompile>
    <ClCompile Include="link.c">
      <Filter>Source Files</Filter>
    </ClCompile>
    <ClCompile Include="utils.c">
      <Filter>Source Files</Filter>
    </ClCompile>
    <ClCompile Include="pipe.c">
      <Filter>Source Files</Filter>
    </ClCompile>
    <ClCompile Include="channel.c">
      <Filter>Source Files</Filter>
    </ClCompile>
    <ClCompile Include="download.c">
      <Filter>Source Files</Filter>
    </ClCompile>
    <ClCompile Include="inline_execute_object.c">
      <Filter>Source Files</Filter>
    </ClCompile>
    <ClCompile Include="api.c">
      <Filter>Source Files</Filter>
    </ClCompile>
    <ClCompile Include="stage.c">
      <Filter>Source Files</Filter>
    </ClCompile>
    <ClCompile Include="powershell.c">
      <Filter>Source Files</Filter>
    </ClCompile>
    <ClCompile Include="process.c">
      <Filter>Source Files</Filter>
    </ClCompile>
    <ClCompile Include="metadata.c">
      <Filter>Source Files</Filter>
    </ClCompile>
    <ClCompile Include="thread.c">
      <Filter>Source Files</Filter>
    </ClCompile>
    <ClCompile Include="web_response.c">
      <Filter>Source Files</Filter>
    </ClCompile>
    <ClCompile Include="memory.c">
      <Filter>Source Files</Filter>
    </ClCompile>
    <ClCompile Include="crypto.c">
      <Filter>Source Files</Filter>
    </ClCompile>
    <ClCompile Include="transform.c">
      <Filter>Source Files</Filter>
    </ClCompile>
    <ClCompile Include="strategy.c">
      <Filter>Source Files</Filter>
    </ClCompile>
  </ItemGroup>
</Project>